
Microsoft Visual Studio Solution File, Format Version 12.00
# Visual Studio Version 17
VisualStudioVersion = 17.3.32819.101
MinimumVisualStudioVersion = 10.0.40219.1
Project("{FAE04EC0-301F-11D3-BF4B-00C04F79EFBC}") = "Uppgift 3.21", "Uppgift 3.21\Uppgift 3.21.csproj", "{260B34A1-733B-43D6-AB5D-6F41D20516D1}"
EndProject
Global
	GlobalSection(SolutionConfigurationPlatforms) = preSolution
		Debug|Any CPU = Debug|Any CPU
		Release|Any CPU = Release|Any CPU
	EndGlobalSection
	GlobalSection(ProjectConfigurationPlatforms) = postSolution
		{260B34A1-733B-43D6-AB5D-6F41D20516D1}.Debug|Any CPU.ActiveCfg = Debug|Any CPU
		{260B34A1-733B-43D6-AB5D-6F41D20516D1}.Debug|Any CPU.Build.0 = Debug|Any CPU
		{260B34A1-733B-43D6-AB5D-6F41D20516D1}.Release|Any CPU.ActiveCfg = Release|Any CPU
		{260B34A1-733B-43D6-AB5D-6F41D20516D1}.Release|Any CPU.Build.0 = Release|Any CPU
	EndGlobalSection
	GlobalSection(SolutionProperties) = preSolution
		HideSolutionNode = FALSE
	EndGlobalSection
	GlobalSection(ExtensibilityGlobals) = postSolution
		SolutionGuid = {9E5D1A89-0529-438D-968E-E9E5AD91B7CA}
	EndGlobalSection
EndGlobal
